
Microsoft Visual Studio Solution File, Format Version 11.00
# Visual Studio 2010
Project("{FAE04EC0-301F-11D3-BF4B-00C04F79EFBC}") = "Assembly-CSharp", "Assembly-CSharp.csproj", "{09502fc2-a753-0efc-2c54-aa0b4634201b}"
EndProject
Project("{FAE04EC0-301F-11D3-BF4B-00C04F79EFBC}") = "Assembly-CSharp-Editor", "Assembly-CSharp-Editor.csproj", "{b80b6a96-b1e7-d47f-a1c0-f28aebfd0594}"
EndProject
Global
	GlobalSection(SolutionConfigurationPlatforms) = preSolution
		Debug|Any CPU = Debug|Any CPU
		Release|Any CPU = Release|Any CPU
	EndGlobalSection
	GlobalSection(ProjectConfigurationPlatforms) = postSolution
		{09502fc2-a753-0efc-2c54-aa0b4634201b}.Debug|Any CPU.ActiveCfg = Debug|Any CPU
		{09502fc2-a753-0efc-2c54-aa0b4634201b}.Debug|Any CPU.Build.0 = Debug|Any CPU
		{09502fc2-a753-0efc-2c54-aa0b4634201b}.Release|Any CPU.ActiveCfg = Release|Any CPU
		{09502fc2-a753-0efc-2c54-aa0b4634201b}.Release|Any CPU.Build.0 = Release|Any CPU
		{b80b6a96-b1e7-d47f-a1c0-f28aebfd0594}.Debug|Any CPU.ActiveCfg = Debug|Any CPU
		{b80b6a96-b1e7-d47f-a1c0-f28aebfd0594}.Debug|Any CPU.Build.0 = Debug|Any CPU
		{b80b6a96-b1e7-d47f-a1c0-f28aebfd0594}.Release|Any CPU.ActiveCfg = Release|Any CPU
		{b80b6a96-b1e7-d47f-a1c0-f28aebfd0594}.Release|Any CPU.Build.0 = Release|Any CPU
	EndGlobalSection
	GlobalSection(SolutionProperties) = preSolution
		HideSolutionNode = FALSE
	EndGlobalSection
EndGlobal
